// !$*UTF8*$!
{
	archiveVersion = 1;
	classes = {
	};
	objectVersion = 55;
	objects = {

/* Begin PBXBuildFile section */
		5B3776AA293A8CCC00C31DD0 /* AppDelegate.swift in Sources */ = {isa = PBXBuildFile; fileRef = 5B3776A9293A8CCC00C31DD0 /* AppDelegate.swift */; };
		5B3776AC293A8CCC00C31DD0 /* SceneDelegate.swift in Sources */ = {isa = PBXBuildFile; fileRef = 5B3776AB293A8CCC00C31DD0 /* SceneDelegate.swift */; };
		5B3776AE293A8CCC00C31DD0 /* ViewController.swift in Sources */ = {isa = PBXBuildFile; fileRef = 5B3776AD293A8CCC00C31DD0 /* ViewController.swift */; };
		5B3776B1293A8CCC00C31DD0 /* Main.storyboard in Resources */ = {isa = PBXBuildFile; fileRef = 5B3776AF293A8CCC00C31DD0 /* Main.storyboard */; };
		5B3776B3293A8CD200C31DD0 /* Assets.xcassets in Resources */ = {isa = PBXBuildFile; fileRef = 5B3776B2293A8CD200C31DD0 /* Assets.xcassets */; };
		5B3776B6293A8CD200C31DD0 /* LaunchScreen.storyboard in Resources */ = {isa = PBXBuildFile; fileRef = 5B3776B4293A8CD200C31DD0 /* LaunchScreen.storyboard */; };
		5B49F086294037E400A29942 /* Deck.swift in Sources */ = {isa = PBXBuildFile; fileRef = 5B49F085294037E400A29942 /* Deck.swift */; };
		5B49F0882941001300A29942 /* formViewController.swift in Sources */ = {isa = PBXBuildFile; fileRef = 5B49F0872941001300A29942 /* formViewController.swift */; };
		5B7BCE5529401AC800613123 /* DetailViewController.swift in Sources */ = {isa = PBXBuildFile; fileRef = 5B7BCE5429401AC800613123 /* DetailViewController.swift */; };
		5BA1C58129424F2D00A4CB40 /* CollectionViewCell.swift in Sources */ = {isa = PBXBuildFile; fileRef = 5BA1C58029424F2D00A4CB40 /* CollectionViewCell.swift */; };
/* End PBXBuildFile section */

/* Begin PBXFileReference section */
		5B3776A6293A8CCC00C31DD0 /* collection.app */ = {isa = PBXFileReference; explicitFileType = wrapper.application; includeInIndex = 0; path = collection.app; sourceTree = BUILT_PRODUCTS_DIR; };
		5B3776A9293A8CCC00C31DD0 /* AppDelegate.swift */ = {isa = PBXFileReference; lastKnownFileType = sourcecode.swift; path = AppDelegate.swift; sourceTree = "<group>"; };
		5B3776AB293A8CCC00C31DD0 /* SceneDelegate.swift */ = {isa = PBXFileReference; lastKnownFileType = sourcecode.swift; path = SceneDelegate.swift; sourceTree = "<group>"; };
		5B3776AD293A8CCC00C31DD0 /* ViewController.swift */ = {isa = PBXFileReference; lastKnownFileType = sourcecode.swift; path = ViewController.swift; sourceTree = "<group>"; };
		5B3776B0293A8CCC00C31DD0 /* Base */ = {isa = PBXFileReference; lastKnownFileType = file.storyboard; name = Base; path = Base.lproj/Main.storyboard; sourceTree = "<group>"; };
		5B3776B2293A8CD200C31DD0 /* Assets.xcassets */ = {isa = PBXFileReference; lastKnownFileType = folder.assetcatalog; path = Assets.xcassets; sourceTree = "<group>"; };
		5B3776B5293A8CD200C31DD0 /* Base */ = {isa = PBXFileReference; lastKnownFileType = file.storyboard; name = Base; path = Base.lproj/LaunchScreen.storyboard; sourceTree = "<group>"; };
		5B3776B7293A8CD200C31DD0 /* Info.plist */ = {isa = PBXFileReference; lastKnownFileType = text.plist.xml; path = Info.plist; sourceTree = "<group>"; };
		5B49F085294037E400A29942 /* Deck.swift */ = {isa = PBXFileReference; lastKnownFileType = sourcecode.swift; path = Deck.swift; sourceTree = "<group>"; };
		5B49F0872941001300A29942 /* formViewController.swift */ = {isa = PBXFileReference; lastKnownFileType = sourcecode.swift; path = formViewController.swift; sourceTree = "<group>"; };
		5B7BCE5429401AC800613123 /* DetailViewController.swift */ = {isa = PBXFileReference; lastKnownFileType = sourcecode.swift; path = DetailViewController.swift; sourceTree = "<group>"; };
		5BA1C58029424F2D00A4CB40 /* CollectionViewCell.swift */ = {isa = PBXFileReference; lastKnownFileType = sourcecode.swift; path = CollectionViewCell.swift; sourceTree = "<group>"; };
/* End PBXFileReference section */

/* Begin PBXFrameworksBuildPhase section */
		5B3776A3293A8CCC00C31DD0 /* Frameworks */ = {
			isa = PBXFrameworksBuildPhase;
			buildActionMask = 2147483647;
			files = (
			);
			runOnlyForDeploymentPostprocessing = 0;
		};
/* End PBXFrameworksBuildPhase section */

/* Begin PBXGroup section */
		5B37769D293A8CCC00C31DD0 = {
			isa = PBXGroup;
			children = (
				5B3776A8293A8CCC00C31DD0 /* collection */,
				5B3776A7293A8CCC00C31DD0 /* Products */,
			);
			sourceTree = "<group>";
		};
		5B3776A7293A8CCC00C31DD0 /* Products */ = {
			isa = PBXGroup;
			children = (
				5B3776A6293A8CCC00C31DD0 /* collection.app */,
			);
			name = Products;
			sourceTree = "<group>";
		};
		5B3776A8293A8CCC00C31DD0 /* collection */ = {
			isa = PBXGroup;
			children = (
				5B49F0872941001300A29942 /* formViewController.swift */,
				5BA1C58029424F2D00A4CB40 /* CollectionViewCell.swift */,
				5B3776A9293A8CCC00C31DD0 /* AppDelegate.swift */,
				5B3776AB293A8CCC00C31DD0 /* SceneDelegate.swift */,
				5B3776AD293A8CCC00C31DD0 /* ViewController.swift */,
				5B3776AF293A8CCC00C31DD0 /* Main.storyboard */,
				5B49F085294037E400A29942 /* Deck.swift */,
				5B7BCE5429401AC800613123 /* DetailViewController.swift */,
				5B3776B2293A8CD200C31DD0 /* Assets.xcassets */,
				5B3776B4293A8CD200C31DD0 /* LaunchScreen.storyboard */,
				5B3776B7293A8CD200C31DD0 /* Info.plist */,
			);
			path = collection;
			sourceTree = "<group>";
		};
/* End PBXGroup section */

/* Begin PBXNativeTarget section */
		5B3776A5293A8CCC00C31DD0 /* collection */ = {
			isa = PBXNativeTarget;
			buildConfigurationList = 5B3776BA293A8CD200C31DD0 /* Build configuration list for PBXNativeTarget "collection" */;
			buildPhases = (
				5B3776A2293A8CCC00C31DD0 /* Sources */,
				5B3776A3293A8CCC00C31DD0 /* Frameworks */,
				5B3776A4293A8CCC00C31DD0 /* Resources */,
			);
			buildRules = (
			);
			dependencies = (
			);
			name = collection;
			productName = collection;
			productReference = 5B3776A6293A8CCC00C31DD0 /* collection.app */;
			productType = "com.apple.product-type.application";
		};
/* End PBXNativeTarget section */

/* Begin PBXProject section */
		5B37769E293A8CCC00C31DD0 /* Project object */ = {
			isa = PBXProject;
			attributes = {
				BuildIndependentTargetsInParallel = 1;
				LastSwiftUpdateCheck = 1330;
				LastUpgradeCheck = 1330;
				TargetAttributes = {
					5B3776A5293A8CCC00C31DD0 = {
						CreatedOnToolsVersion = 13.3;
					};
				};
			};
			buildConfigurationList = 5B3776A1293A8CCC00C31DD0 /* Build configuration list for PBXProject "collection" */;
			compatibilityVersion = "Xcode 13.0";
			developmentRegion = en;
			hasScannedForEncodings = 0;
			knownRegions = (
				en,
				Base,
			);
			mainGroup = 5B37769D293A8CCC00C31DD0;
			productRefGroup = 5B3776A7293A8CCC00C31DD0 /* Products */;
			projectDirPath = "";
			projectRoot = "";
			targets = (
				5B3776A5293A8CCC00C31DD0 /* collection */,
			);
		};
/* End PBXProject section */

/* Begin PBXResourcesBuildPhase section */
		5B3776A4293A8CCC00C31DD0 /* Resources */ = {
			isa = PBXResourcesBuildPhase;
			buildActionMask = 2147483647;
			files = (
				5B3776B6293A8CD200C31DD0 /* LaunchScreen.storyboard in Resources */,
				5B3776B3293A8CD200C31DD0 /* Assets.xcassets in Resources */,
				5B3776B1293A8CCC00C31DD0 /* Main.storyboard in Resources */,
			);
			runOnlyForDeploymentPostprocessing = 0;
		};
/* End PBXResourcesBuildPhase section */

/* Begin PBXSourcesBuildPhase section */
		5B3776A2293A8CCC00C31DD0 /* Sources */ = {
			isa = PBXSourcesBuildPhase;
			buildActionMask = 2147483647;
			files = (
				5B3776AE293A8CCC00C31DD0 /* ViewController.swift in Sources */,
				5B3776AA293A8CCC00C31DD0 /* AppDelegate.swift in Sources */,
				5B49F0882941001300A29942 /* formViewController.swift in Sources */,
				5BA1C58129424F2D00A4CB40 /* CollectionViewCell.swift in Sources */,
				5B49F086294037E400A29942 /* Deck.swift in Sources */,
				5B3776AC293A8CCC00C31DD0 /* SceneDelegate.swift in Sources */,
				5B7BCE5529401AC800613123 /* DetailViewController.swift in Sources */,
			);
			runOnlyForDeploymentPostprocessing = 0;
		};
/* End PBXSourcesBuildPhase section */

/* Begin PBXVariantGroup section */
		5B3776AF293A8CCC00C31DD0 /* Main.storyboard */ = {
			isa = PBXVariantGroup;
			children = (
				5B3776B0293A8CCC00C31DD0 /* Base */,
			);
			name = Main.storyboard;
			sourceTree = "<group>";
		};
		5B3776B4293A8CD200C31DD0 /* LaunchScreen.storyboard */ = {
			isa = PBXVariantGroup;
			children = (
				5B3776B5293A8CD200C31DD0 /* Base */,
			);
			name = LaunchScreen.storyboard;
			sourceTree = "<group>";
		};
/* End PBXVariantGroup section */

/* Begin XCBuildConfiguration section */
		5B3776B8293A8CD200C31DD0 /* Debug */ = {
			isa = XCBuildConfiguration;
			buildSettings = {
				ALWAYS_SEARCH_USER_PATHS = NO;
				CLANG_ANALYZER_NONNULL = YES;
				CLANG_ANALYZER_NUMBER_OBJECT_CONVERSION = YES_AGGRESSIVE;
				CLANG_CXX_LANGUAGE_STANDARD = "gnu++17";
				CLANG_ENABLE_MODULES = YES;
				CLANG_ENABLE_OBJC_ARC = YES;
				CLANG_ENABLE_OBJC_WEAK = YES;
				CLANG_WARN_BLOCK_CAPTURE_AUTORELEASING = YES;
				CLANG_WARN_BOOL_CONVERSION = YES;
				CLANG_WARN_COMMA = YES;
				CLANG_WARN_CONSTANT_CONVERSION = YES;
				CLANG_WARN_DEPRECATED_OBJC_IMPLEMENTATIONS = YES;
				CLANG_WARN_DIRECT_OBJC_ISA_USAGE = YES_ERROR;
				CLANG_WARN_DOCUMENTATION_COMMENTS = YES;
				CLANG_WARN_EMPTY_BODY = YES;
				CLANG_WARN_ENUM_CONVERSION = YES;
				CLANG_WARN_INFINITE_RECURSION = YES;
				CLANG_WARN_INT_CONVERSION = YES;
				CLANG_WARN_NON_LITERAL_NULL_CONVERSION = YES;
				CLANG_WARN_OBJC_IMPLICIT_RETAIN_SELF = YES;
				CLANG_WARN_OBJC_LITERAL_CONVERSION = YES;
				CLANG_WARN_OBJC_ROOT_CLASS = YES_ERROR;
				CLANG_WARN_QUOTED_INCLUDE_IN_FRAMEWORK_HEADER = YES;
				CLANG_WARN_RANGE_LOOP_ANALYSIS = YES;
				CLANG_WARN_STRICT_PROTOTYPES = YES;
				CLANG_WARN_SUSPICIOUS_MOVE = YES;
				CLANG_WARN_UNGUARDED_AVAILABILITY = YES_AGGRESSIVE;
				CLANG_WARN_UNREACHABLE_CODE = YES;
				CLANG_WARN__DUPLICATE_METHOD_MATCH = YES;
				COPY_PHASE_STRIP = NO;
				DEBUG_INFORMATION_FORMAT = dwarf;
				ENABLE_STRICT_OBJC_MSGSEND = YES;
				ENABLE_TESTABILITY = YES;
				GCC_C_LANGUAGE_STANDARD = gnu11;
				GCC_DYNAMIC_NO_PIC = NO;
				GCC_NO_COMMON_BLOCKS = YES;
				GCC_OPTIMIZATION_LEVEL = 0;
				GCC_PREPROCESSOR_DEFINITIONS = (
					"DEBUG=1",
					"$(inherited)",
				);
				GCC_WARN_64_TO_32_BIT_CONVERSION = YES;
				GCC_WARN_ABOUT_RETURN_TYPE = YES_ERROR;
				GCC_WARN_UNDECLARED_SELECTOR = YES;
				GCC_WARN_UNINITIALIZED_AUTOS = YES_AGGRESSIVE;
				GCC_WARN_UNUSED_FUNCTION = YES;
				GCC_WARN_UNUSED_VARIABLE = YES;
				IPHONEOS_DEPLOYMENT_TARGET = 15.4;
				MTL_ENABLE_DEBUG_INFO = INCLUDE_SOURCE;
				MTL_FAST_MATH = YES;
				ONLY_ACTIVE_ARCH = YES;
				SDKROOT = iphoneos;
				SWIFT_ACTIVE_COMPILATION_CONDITIONS = DEBUG;
				SWIFT_OPTIMIZATION_LEVEL = "-Onone";
			};
			name = Debug;
		};
		5B3776B9293A8CD200C31DD0 /* Release */ = {
			isa = XCBuildConfiguration;
			buildSettings = {
				ALWAYS_SEARCH_USER_PATHS = NO;
				CLANG_ANALYZER_NONNULL = YES;
				CLANG_ANALYZER_NUMBER_OBJECT_CONVERSION = YES_AGGRESSIVE;
				CLANG_CXX_LANGUAGE_STANDARD = "gnu++17";
				CLANG_ENABLE_MODULES = YES;
				CLANG_ENABLE_OBJC_ARC = YES;
				CLANG_ENABLE_OBJC_WEAK = YES;
				CLANG_WARN_BLOCK_CAPTURE_AUTORELEASING = YES;
				CLANG_WARN_BOOL_CONVERSION = YES;
				CLANG_WARN_COMMA = YES;
				CLANG_WARN_CONSTANT_CONVERSION = YES;
				CLANG_WARN_DEPRECATED_OBJC_IMPLEMENTATIONS = YES;
				CLANG_WARN_DIRECT_OBJC_ISA_USAGE = YES_ERROR;
				CLANG_WARN_DOCUMENTATION_COMMENTS = YES;
				CLANG_WARN_EMPTY_BODY = YES;
				CLANG_WARN_ENUM_CONVERSION = YES;
				CLANG_WARN_INFINITE_RECURSION = YES;
				CLANG_WARN_INT_CONVERSION = YES;
				CLANG_WARN_NON_LITERAL_NULL_CONVERSION = YES;
				CLANG_WARN_OBJC_IMPLICIT_RETAIN_SELF = YES;
				CLANG_WARN_OBJC_LITERAL_CONVERSION = YES;
				CLANG_WARN_OBJC_ROOT_CLASS = YES_ERROR;
				CLANG_WARN_QUOTED_INCLUDE_IN_FRAMEWORK_HEADER = YES;
				CLANG_WARN_RANGE_LOOP_ANALYSIS = YES;
				CLANG_WARN_STRICT_PROTOTYPES = YES;
				CLANG_WARN_SUSPICIOUS_MOVE = YES;
				CLANG_WARN_UNGUARDED_AVAILABILITY = YES_AGGRESSIVE;
				CLANG_WARN_UNREACHABLE_CODE = YES;
				CLANG_WARN__DUPLICATE_METHOD_MATCH = YES;
				COPY_PHASE_STRIP = NO;
				DEBUG_INFORMATION_FORMAT = "dwarf-with-dsym";
				ENABLE_NS_ASSERTIONS = NO;
				ENABLE_STRICT_OBJC_MSGSEND = YES;
				GCC_C_LANGUAGE_STANDARD = gnu11;
				GCC_NO_COMMON_BLOCKS = YES;
				GCC_WARN_64_TO_32_BIT_CONVERSION = YES;
				GCC_WARN_ABOUT_RETURN_TYPE = YES_ERROR;
				GCC_WARN_UNDECLARED_SELECTOR = YES;
				GCC_WARN_UNINITIALIZED_AUTOS = YES_AGGRESSIVE;
				GCC_WARN_UNUSED_FUNCTION = YES;
				GCC_WARN_UNUSED_VARIABLE = YES;
				IPHONEOS_DEPLOYMENT_TARGET = 15.4;
				MTL_ENABLE_DEBUG_INFO = NO;
				MTL_FAST_MATH = YES;
				SDKROOT = iphoneos;
				SWIFT_COMPILATION_MODE = wholemodule;
				SWIFT_OPTIMIZATION_LEVEL = "-O";
				VALIDATE_PRODUCT = YES;
			};
			name = Release;
		};
		5B3776BB293A8CD200C31DD0 /* Debug */ = {
			isa = XCBuildConfiguration;
			buildSettings = {
				ASSETCATALOG_COMPILER_APPICON_NAME = AppIcon;
				ASSETCATALOG_COMPILER_GLOBAL_ACCENT_COLOR_NAME = AccentColor;
				CODE_SIGN_STYLE = Automatic;
				CURRENT_PROJECT_VERSION = 1;
				DEVELOPMENT_TEAM = X9MXMWF9KT;
				GENERATE_INFOPLIST_FILE = YES;
				INFOPLIST_FILE = collection/Info.plist;
				INFOPLIST_KEY_UIApplicationSupportsIndirectInputEvents = YES;
				INFOPLIST_KEY_UILaunchStoryboardName = LaunchScreen;
				INFOPLIST_KEY_UIMainStoryboardFile = Main;
				INFOPLIST_KEY_UISupportedInterfaceOrientations_iPad = "UIInterfaceOrientationPortrait UIInterfaceOrientationPortraitUpsideDown UIInterfaceOrientationLandscapeLeft UIInterfaceOrientationLandscapeRight";
				INFOPLIST_KEY_UISupportedInterfaceOrientations_iPhone = "UIInterfaceOrientationPortrait UIInterfaceOrientationLandscapeLeft UIInterfaceOrientationLandscapeRight";
				LD_RUNPATH_SEARCH_PATHS = (
					"$(inherited)",
					"@executable_path/Frameworks",
				);
				MARKETING_VERSION = 1.0;
				PRODUCT_BUNDLE_IDENTIFIER = com.LisetteAntigua.collection;
				PRODUCT_NAME = "$(TARGET_NAME)";
				SWIFT_EMIT_LOC_STRINGS = YES;
				SWIFT_VERSION = 5.0;
				TARGETED_DEVICE_FAMILY = "1,2";
			};
			name = Debug;
		};
		5B3776BC293A8CD200C31DD0 /* Release */ = {
			isa = XCBuildConfiguration;
			buildSettings = {
				ASSETCATALOG_COMPILER_APPICON_NAME = AppIcon;
				ASSETCATALOG_COMPILER_GLOBAL_ACCENT_COLOR_NAME = AccentColor;
				CODE_SIGN_STYLE = Automatic;
				CURRENT_PROJECT_VERSION = 1;
				DEVELOPMENT_TEAM = X9MXMWF9KT;
				GENERATE_INFOPLIST_FILE = YES;
				INFOPLIST_FILE = collection/Info.plist;
				INFOPLIST_KEY_UIApplicationSupportsIndirectInputEvents = YES;
				INFOPLIST_KEY_UILaunchStoryboardName = LaunchScreen;
				INFOPLIST_KEY_UIMainStoryboardFile = Main;
				INFOPLIST_KEY_UISupportedInterfaceOrientations_iPad = "UIInterfaceOrientationPortrait UIInterfaceOrientationPortraitUpsideDown UIInterfaceOrientationLandscapeLeft UIInterfaceOrientationLandscapeRight";
				INFOPLIST_KEY_UISupportedInterfaceOrientations_iPhone = "UIInterfaceOrientationPortrait UIInterfaceOrientationLandscapeLeft UIInterfaceOrientationLandscapeRight";
				LD_RUNPATH_SEARCH_PATHS = (
					"$(inherited)",
					"@executable_path/Frameworks",
				);
				MARKETING_VERSION = 1.0;
				PRODUCT_BUNDLE_IDENTIFIER = com.LisetteAntigua.collection;
				PRODUCT_NAME = "$(TARGET_NAME)";
				SWIFT_EMIT_LOC_STRINGS = YES;
				SWIFT_VERSION = 5.0;
				TARGETED_DEVICE_FAMILY = "1,2";
			};
			name = Release;
		};
/* End XCBuildConfiguration section */

/* Begin XCConfigurationList section */
		5B3776A1293A8CCC00C31DD0 /* Build configuration list for PBXProject "collection" */ = {
			isa = XCConfigurationList;
			buildConfigurations = (
				5B3776B8293A8CD200C31DD0 /* Debug */,
				5B3776B9293A8CD200C31DD0 /* Release */,
			);
			defaultConfigurationIsVisible = 0;
			defaultConfigurationName = Release;
		};
		5B3776BA293A8CD200C31DD0 /* Build configuration list for PBXNativeTarget "collection" */ = {
			isa = XCConfigurationList;
			buildConfigurations = (
				5B3776BB293A8CD200C31DD0 /* Debug */,
				5B3776BC293A8CD200C31DD0 /* Release */,
			);
			defaultConfigurationIsVisible = 0;
			defaultConfigurationName = Release;
		};
/* End XCConfigurationList section */
	};
	rootObject = 5B37769E293A8CCC00C31DD0 /* Project object */;
}
